
Microsoft Visual Studio Solution File, Format Version 12.00
# Visual Studio Version 17
VisualStudioVersion = 17.9.34622.214
MinimumVisualStudioVersion = 10.0.40219.1
Project("{9A19103F-16F7-4668-BE54-9A1E7A4F7556}") = "Avalonia_lab_VII", "Avalonia_lab_VII\Avalonia_lab_VII.csproj", "{9DD3F295-4B2B-40D9-965F-8124E5643E90}"
EndProject
Project("{9A19103F-16F7-4668-BE54-9A1E7A4F7556}") = "Avalonia_lab_VII.Desktop", "Avalonia_lab_VII.Desktop\Avalonia_lab_VII.Desktop.csproj", "{A5CAB1BA-5F70-4010-80F2-9F402D4E4B4A}"
EndProject
Global
	GlobalSection(SolutionConfigurationPlatforms) = preSolution
		Debug|Any CPU = Debug|Any CPU
		Release|Any CPU = Release|Any CPU
	EndGlobalSection
	GlobalSection(ProjectConfigurationPlatforms) = postSolution
		{9DD3F295-4B2B-40D9-965F-8124E5643E90}.Debug|Any CPU.ActiveCfg = Debug|Any CPU
		{9DD3F295-4B2B-40D9-965F-8124E5643E90}.Debug|Any CPU.Build.0 = Debug|Any CPU
		{9DD3F295-4B2B-40D9-965F-8124E5643E90}.Release|Any CPU.ActiveCfg = Release|Any CPU
		{9DD3F295-4B2B-40D9-965F-8124E5643E90}.Release|Any CPU.Build.0 = Release|Any CPU
		{A5CAB1BA-5F70-4010-80F2-9F402D4E4B4A}.Debug|Any CPU.ActiveCfg = Debug|Any CPU
		{A5CAB1BA-5F70-4010-80F2-9F402D4E4B4A}.Debug|Any CPU.Build.0 = Debug|Any CPU
		{A5CAB1BA-5F70-4010-80F2-9F402D4E4B4A}.Release|Any CPU.ActiveCfg = Release|Any CPU
		{A5CAB1BA-5F70-4010-80F2-9F402D4E4B4A}.Release|Any CPU.Build.0 = Release|Any CPU
	EndGlobalSection
	GlobalSection(SolutionProperties) = preSolution
		HideSolutionNode = FALSE
	EndGlobalSection
	GlobalSection(ExtensibilityGlobals) = postSolution
		SolutionGuid = {EE089D95-5732-41CD-9367-46B3F98C8666}
	EndGlobalSection
EndGlobal
